// !$*UTF8*$!
{
	archiveVersion = 1;
	classes = {
	};
	objectVersion = 48;
	objects = {

/* Begin PBXBuildFile section */
		CE8772CE1FF1E72A0055040C /* AppDelegate.swift in Sources */ = {isa = PBXBuildFile; fileRef = CE8772CD1FF1E72A0055040C /* AppDelegate.swift */; };
		CE8772D01FF1E72A0055040C /* LoginViewController.swift in Sources */ = {isa = PBXBuildFile; fileRef = CE8772CF1FF1E72A0055040C /* LoginViewController.swift */; };
		CE8772D31FF1E72A0055040C /* Main.storyboard in Resources */ = {isa = PBXBuildFile; fileRef = CE8772D11FF1E72A0055040C /* Main.storyboard */; };
		CE8772D51FF1E72A0055040C /* Assets.xcassets in Resources */ = {isa = PBXBuildFile; fileRef = CE8772D41FF1E72A0055040C /* Assets.xcassets */; };
		CE8772D81FF1E72A0055040C /* LaunchScreen.storyboard in Resources */ = {isa = PBXBuildFile; fileRef = CE8772D61FF1E72A0055040C /* LaunchScreen.storyboard */; };
		CE87C9C31FF215AC000A9298 /* MapViewController.swift in Sources */ = {isa = PBXBuildFile; fileRef = CE87C9C21FF215AC000A9298 /* MapViewController.swift */; };
		CE87C9C51FF215BB000A9298 /* TableViewController.swift in Sources */ = {isa = PBXBuildFile; fileRef = CE87C9C41FF215BB000A9298 /* TableViewController.swift */; };
		CE87C9C71FF215E3000A9298 /* AddLocationFormController.swift in Sources */ = {isa = PBXBuildFile; fileRef = CE87C9C61FF215E3000A9298 /* AddLocationFormController.swift */; };
		CE87C9C91FF215EF000A9298 /* AddLocationMapController.swift in Sources */ = {isa = PBXBuildFile; fileRef = CE87C9C81FF215EF000A9298 /* AddLocationMapController.swift */; };
/* End PBXBuildFile section */

/* Begin PBXFileReference section */
		CE8772CA1FF1E72A0055040C /* OnTheMap.app */ = {isa = PBXFileReference; explicitFileType = wrapper.application; includeInIndex = 0; path = OnTheMap.app; sourceTree = BUILT_PRODUCTS_DIR; };
		CE8772CD1FF1E72A0055040C /* AppDelegate.swift */ = {isa = PBXFileReference; lastKnownFileType = sourcecode.swift; path = AppDelegate.swift; sourceTree = "<group>"; };
		CE8772CF1FF1E72A0055040C /* LoginViewController.swift */ = {isa = PBXFileReference; lastKnownFileType = sourcecode.swift; path = LoginViewController.swift; sourceTree = "<group>"; };
		CE8772D21FF1E72A0055040C /* Base */ = {isa = PBXFileReference; lastKnownFileType = file.storyboard; name = Base; path = Base.lproj/Main.storyboard; sourceTree = "<group>"; };
		CE8772D41FF1E72A0055040C /* Assets.xcassets */ = {isa = PBXFileReference; lastKnownFileType = folder.assetcatalog; path = Assets.xcassets; sourceTree = "<group>"; };
		CE8772D71FF1E72A0055040C /* Base */ = {isa = PBXFileReference; lastKnownFileType = file.storyboard; name = Base; path = Base.lproj/LaunchScreen.storyboard; sourceTree = "<group>"; };
		CE8772D91FF1E72A0055040C /* Info.plist */ = {isa = PBXFileReference; lastKnownFileType = text.plist.xml; path = Info.plist; sourceTree = "<group>"; };
		CE87C9C21FF215AC000A9298 /* MapViewController.swift */ = {isa = PBXFileReference; lastKnownFileType = sourcecode.swift; path = MapViewController.swift; sourceTree = "<group>"; };
		CE87C9C41FF215BB000A9298 /* TableViewController.swift */ = {isa = PBXFileReference; lastKnownFileType = sourcecode.swift; path = TableViewController.swift; sourceTree = "<group>"; };
		CE87C9C61FF215E3000A9298 /* AddLocationFormController.swift */ = {isa = PBXFileReference; lastKnownFileType = sourcecode.swift; path = AddLocationFormController.swift; sourceTree = "<group>"; };
		CE87C9C81FF215EF000A9298 /* AddLocationMapController.swift */ = {isa = PBXFileReference; lastKnownFileType = sourcecode.swift; path = AddLocationMapController.swift; sourceTree = "<group>"; };
/* End PBXFileReference section */

/* Begin PBXFrameworksBuildPhase section */
		CE8772C71FF1E72A0055040C /* Frameworks */ = {
			isa = PBXFrameworksBuildPhase;
			buildActionMask = 2147483647;
			files = (
			);
			runOnlyForDeploymentPostprocessing = 0;
		};
/* End PBXFrameworksBuildPhase section */

/* Begin PBXGroup section */
		CE8772C11FF1E72A0055040C = {
			isa = PBXGroup;
			children = (
				CE8772CC1FF1E72A0055040C /* OnTheMap */,
				CE8772CB1FF1E72A0055040C /* Products */,
			);
			sourceTree = "<group>";
		};
		CE8772CB1FF1E72A0055040C /* Products */ = {
			isa = PBXGroup;
			children = (
				CE8772CA1FF1E72A0055040C /* OnTheMap.app */,
			);
			name = Products;
			sourceTree = "<group>";
		};
		CE8772CC1FF1E72A0055040C /* OnTheMap */ = {
			isa = PBXGroup;
			children = (
				CE87C9C11FF21594000A9298 /* Model */,
				CE87C9C01FF21582000A9298 /* Controller */,
				CE8772CD1FF1E72A0055040C /* AppDelegate.swift */,
				CE8772D11FF1E72A0055040C /* Main.storyboard */,
				CE8772D41FF1E72A0055040C /* Assets.xcassets */,
				CE8772D61FF1E72A0055040C /* LaunchScreen.storyboard */,
				CE8772D91FF1E72A0055040C /* Info.plist */,
			);
			path = OnTheMap;
			sourceTree = "<group>";
		};
		CE87C9C01FF21582000A9298 /* Controller */ = {
			isa = PBXGroup;
			children = (
				CE8772CF1FF1E72A0055040C /* LoginViewController.swift */,
				CE87C9C21FF215AC000A9298 /* MapViewController.swift */,
				CE87C9C41FF215BB000A9298 /* TableViewController.swift */,
				CE87C9C61FF215E3000A9298 /* AddLocationFormController.swift */,
				CE87C9C81FF215EF000A9298 /* AddLocationMapController.swift */,
			);
			path = Controller;
			sourceTree = "<group>";
		};
		CE87C9C11FF21594000A9298 /* Model */ = {
			isa = PBXGroup;
			children = (
			);
			path = Model;
			sourceTree = "<group>";
		};
/* End PBXGroup section */

/* Begin PBXNativeTarget section */
		CE8772C91FF1E72A0055040C /* OnTheMap */ = {
			isa = PBXNativeTarget;
			buildConfigurationList = CE8772DC1FF1E72A0055040C /* Build configuration list for PBXNativeTarget "OnTheMap" */;
			buildPhases = (
				CE8772C61FF1E72A0055040C /* Sources */,
				CE8772C71FF1E72A0055040C /* Frameworks */,
				CE8772C81FF1E72A0055040C /* Resources */,
			);
			buildRules = (
			);
			dependencies = (
			);
			name = OnTheMap;
			productName = OnTheMap;
			productReference = CE8772CA1FF1E72A0055040C /* OnTheMap.app */;
			productType = "com.apple.product-type.application";
		};
/* End PBXNativeTarget section */

/* Begin PBXProject section */
		CE8772C21FF1E72A0055040C /* Project object */ = {
			isa = PBXProject;
			attributes = {
				LastSwiftUpdateCheck = 0920;
				LastUpgradeCheck = 0920;
				TargetAttributes = {
					CE8772C91FF1E72A0055040C = {
						CreatedOnToolsVersion = 9.2;
						ProvisioningStyle = Automatic;
					};
				};
			};
			buildConfigurationList = CE8772C51FF1E72A0055040C /* Build configuration list for PBXProject "OnTheMap" */;
			compatibilityVersion = "Xcode 8.0";
			developmentRegion = en;
			hasScannedForEncodings = 0;
			knownRegions = (
				en,
				Base,
			);
			mainGroup = CE8772C11FF1E72A0055040C;
			productRefGroup = CE8772CB1FF1E72A0055040C /* Products */;
			projectDirPath = "";
			projectRoot = "";
			targets = (
				CE8772C91FF1E72A0055040C /* OnTheMap */,
			);
		};
/* End PBXProject section */

/* Begin PBXResourcesBuildPhase section */
		CE8772C81FF1E72A0055040C /* Resources */ = {
			isa = PBXResourcesBuildPhase;
			buildActionMask = 2147483647;
			files = (
				CE8772D81FF1E72A0055040C /* LaunchScreen.storyboard in Resources */,
				CE8772D51FF1E72A0055040C /* Assets.xcassets in Resources */,
				CE8772D31FF1E72A0055040C /* Main.storyboard in Resources */,
			);
			runOnlyForDeploymentPostprocessing = 0;
		};
/* End PBXResourcesBuildPhase section */

/* Begin PBXSourcesBuildPhase section */
		CE8772C61FF1E72A0055040C /* Sources */ = {
			isa = PBXSourcesBuildPhase;
			buildActionMask = 2147483647;
			files = (
				CE87C9C71FF215E3000A9298 /* AddLocationFormController.swift in Sources */,
				CE8772D01FF1E72A0055040C /* LoginViewController.swift in Sources */,
				CE87C9C31FF215AC000A9298 /* MapViewController.swift in Sources */,
				CE87C9C91FF215EF000A9298 /* AddLocationMapController.swift in Sources */,
				CE8772CE1FF1E72A0055040C /* AppDelegate.swift in Sources */,
				CE87C9C51FF215BB000A9298 /* TableViewController.swift in Sources */,
			);
			runOnlyForDeploymentPostprocessing = 0;
		};
/* End PBXSourcesBuildPhase section */

/* Begin PBXVariantGroup section */
		CE8772D11FF1E72A0055040C /* Main.storyboard */ = {
			isa = PBXVariantGroup;
			children = (
				CE8772D21FF1E72A0055040C /* Base */,
			);
			name = Main.storyboard;
			sourceTree = "<group>";
		};
		CE8772D61FF1E72A0055040C /* LaunchScreen.storyboard */ = {
			isa = PBXVariantGroup;
			children = (
				CE8772D71FF1E72A0055040C /* Base */,
			);
			name = LaunchScreen.storyboard;
			sourceTree = "<group>";
		};
/* End PBXVariantGroup section */

/* Begin XCBuildConfiguration section */
		CE8772DA1FF1E72A0055040C /* Debug */ = {
			isa = XCBuildConfiguration;
			buildSettings = {
				ALWAYS_SEARCH_USER_PATHS = NO;
				CLANG_ANALYZER_NONNULL = YES;
				CLANG_ANALYZER_NUMBER_OBJECT_CONVERSION = YES_AGGRESSIVE;
				CLANG_CXX_LANGUAGE_STANDARD = "gnu++14";
				CLANG_CXX_LIBRARY = "libc++";
				CLANG_ENABLE_MODULES = YES;
				CLANG_ENABLE_OBJC_ARC = YES;
				CLANG_WARN_BLOCK_CAPTURE_AUTORELEASING = YES;
				CLANG_WARN_BOOL_CONVERSION = YES;
				CLANG_WARN_COMMA = YES;
				CLANG_WARN_CONSTANT_CONVERSION = YES;
				CLANG_WARN_DIRECT_OBJC_ISA_USAGE = YES_ERROR;
				CLANG_WARN_DOCUMENTATION_COMMENTS = YES;
				CLANG_WARN_EMPTY_BODY = YES;
				CLANG_WARN_ENUM_CONVERSION = YES;
				CLANG_WARN_INFINITE_RECURSION = YES;
				CLANG_WARN_INT_CONVERSION = YES;
				CLANG_WARN_NON_LITERAL_NULL_CONVERSION = YES;
				CLANG_WARN_OBJC_LITERAL_CONVERSION = YES;
				CLANG_WARN_OBJC_ROOT_CLASS = YES_ERROR;
				CLANG_WARN_RANGE_LOOP_ANALYSIS = YES;
				CLANG_WARN_STRICT_PROTOTYPES = YES;
				CLANG_WARN_SUSPICIOUS_MOVE = YES;
				CLANG_WARN_UNGUARDED_AVAILABILITY = YES_AGGRESSIVE;
				CLANG_WARN_UNREACHABLE_CODE = YES;
				CLANG_WARN__DUPLICATE_METHOD_MATCH = YES;
				CODE_SIGN_IDENTITY = "iPhone Developer";
				COPY_PHASE_STRIP = NO;
				DEBUG_INFORMATION_FORMAT = dwarf;
				ENABLE_STRICT_OBJC_MSGSEND = YES;
				ENABLE_TESTABILITY = YES;
				GCC_C_LANGUAGE_STANDARD = gnu11;
				GCC_DYNAMIC_NO_PIC = NO;
				GCC_NO_COMMON_BLOCKS = YES;
				GCC_OPTIMIZATION_LEVEL = 0;
				GCC_PREPROCESSOR_DEFINITIONS = (
					"DEBUG=1",
					"$(inherited)",
				);
				GCC_WARN_64_TO_32_BIT_CONVERSION = YES;
				GCC_WARN_ABOUT_RETURN_TYPE = YES_ERROR;
				GCC_WARN_UNDECLARED_SELECTOR = YES;
				GCC_WARN_UNINITIALIZED_AUTOS = YES_AGGRESSIVE;
				GCC_WARN_UNUSED_FUNCTION = YES;
				GCC_WARN_UNUSED_VARIABLE = YES;
				IPHONEOS_DEPLOYMENT_TARGET = 11.2;
				MTL_ENABLE_DEBUG_INFO = YES;
				ONLY_ACTIVE_ARCH = YES;
				SDKROOT = iphoneos;
				SWIFT_ACTIVE_COMPILATION_CONDITIONS = DEBUG;
				SWIFT_OPTIMIZATION_LEVEL = "-Onone";
			};
			name = Debug;
		};
		CE8772DB1FF1E72A0055040C /* Release */ = {
			isa = XCBuildConfiguration;
			buildSettings = {
				ALWAYS_SEARCH_USER_PATHS = NO;
				CLANG_ANALYZER_NONNULL = YES;
				CLANG_ANALYZER_NUMBER_OBJECT_CONVERSION = YES_AGGRESSIVE;
				CLANG_CXX_LANGUAGE_STANDARD = "gnu++14";
				CLANG_CXX_LIBRARY = "libc++";
				CLANG_ENABLE_MODULES = YES;
				CLANG_ENABLE_OBJC_ARC = YES;
				CLANG_WARN_BLOCK_CAPTURE_AUTORELEASING = YES;
				CLANG_WARN_BOOL_CONVERSION = YES;
				CLANG_WARN_COMMA = YES;
				CLANG_WARN_CONSTANT_CONVERSION = YES;
				CLANG_WARN_DIRECT_OBJC_ISA_USAGE = YES_ERROR;
				CLANG_WARN_DOCUMENTATION_COMMENTS = YES;
				CLANG_WARN_EMPTY_BODY = YES;
				CLANG_WARN_ENUM_CONVERSION = YES;
				CLANG_WARN_INFINITE_RECURSION = YES;
				CLANG_WARN_INT_CONVERSION = YES;
				CLANG_WARN_NON_LITERAL_NULL_CONVERSION = YES;
				CLANG_WARN_OBJC_LITERAL_CONVERSION = YES;
				CLANG_WARN_OBJC_ROOT_CLASS = YES_ERROR;
				CLANG_WARN_RANGE_LOOP_ANALYSIS = YES;
				CLANG_WARN_STRICT_PROTOTYPES = YES;
				CLANG_WARN_SUSPICIOUS_MOVE = YES;
				CLANG_WARN_UNGUARDED_AVAILABILITY = YES_AGGRESSIVE;
				CLANG_WARN_UNREACHABLE_CODE = YES;
				CLANG_WARN__DUPLICATE_METHOD_MATCH = YES;
				CODE_SIGN_IDENTITY = "iPhone Developer";
				COPY_PHASE_STRIP = NO;
				DEBUG_INFORMATION_FORMAT = "dwarf-with-dsym";
				ENABLE_NS_ASSERTIONS = NO;
				ENABLE_STRICT_OBJC_MSGSEND = YES;
				GCC_C_LANGUAGE_STANDARD = gnu11;
				GCC_NO_COMMON_BLOCKS = YES;
				GCC_WARN_64_TO_32_BIT_CONVERSION = YES;
				GCC_WARN_ABOUT_RETURN_TYPE = YES_ERROR;
				GCC_WARN_UNDECLARED_SELECTOR = YES;
				GCC_WARN_UNINITIALIZED_AUTOS = YES_AGGRESSIVE;
				GCC_WARN_UNUSED_FUNCTION = YES;
				GCC_WARN_UNUSED_VARIABLE = YES;
				IPHONEOS_DEPLOYMENT_TARGET = 11.2;
				MTL_ENABLE_DEBUG_INFO = NO;
				SDKROOT = iphoneos;
				SWIFT_OPTIMIZATION_LEVEL = "-Owholemodule";
				VALIDATE_PRODUCT = YES;
			};
			name = Release;
		};
		CE8772DD1FF1E72A0055040C /* Debug */ = {
			isa = XCBuildConfiguration;
			buildSettings = {
				ASSETCATALOG_COMPILER_APPICON_NAME = AppIcon;
				CODE_SIGN_STYLE = Automatic;
				INFOPLIST_FILE = OnTheMap/Info.plist;
				LD_RUNPATH_SEARCH_PATHS = "$(inherited) @executable_path/Frameworks";
				PRODUCT_BUNDLE_IDENTIFIER = net.yoshinosakura.OnTheMap;
				PRODUCT_NAME = "$(TARGET_NAME)";
				SWIFT_VERSION = 4.0;
				TARGETED_DEVICE_FAMILY = "1,2";
			};
			name = Debug;
		};
		CE8772DE1FF1E72A0055040C /* Release */ = {
			isa = XCBuildConfiguration;
			buildSettings = {
				ASSETCATALOG_COMPILER_APPICON_NAME = AppIcon;
				CODE_SIGN_STYLE = Automatic;
				INFOPLIST_FILE = OnTheMap/Info.plist;
				LD_RUNPATH_SEARCH_PATHS = "$(inherited) @executable_path/Frameworks";
				PRODUCT_BUNDLE_IDENTIFIER = net.yoshinosakura.OnTheMap;
				PRODUCT_NAME = "$(TARGET_NAME)";
				SWIFT_VERSION = 4.0;
				TARGETED_DEVICE_FAMILY = "1,2";
			};
			name = Release;
		};
/* End XCBuildConfiguration section */

/* Begin XCConfigurationList section */
		CE8772C51FF1E72A0055040C /* Build configuration list for PBXProject "OnTheMap" */ = {
			isa = XCConfigurationList;
			buildConfigurations = (
				CE8772DA1FF1E72A0055040C /* Debug */,
				CE8772DB1FF1E72A0055040C /* Release */,
			);
			defaultConfigurationIsVisible = 0;
			defaultConfigurationName = Release;
		};
		CE8772DC1FF1E72A0055040C /* Build configuration list for PBXNativeTarget "OnTheMap" */ = {
			isa = XCConfigurationList;
			buildConfigurations = (
				CE8772DD1FF1E72A0055040C /* Debug */,
				CE8772DE1FF1E72A0055040C /* Release */,
			);
			defaultConfigurationIsVisible = 0;
			defaultConfigurationName = Release;
		};
/* End XCConfigurationList section */
	};
	rootObject = CE8772C21FF1E72A0055040C /* Project object */;
}
